
Microsoft Visual Studio Solution File, Format Version 12.00
# Visual Studio 15
Project("{FAE04EC0-301F-11D3-BF4B-00C04F79EFBC}") = "Assembly-CSharp", "Assembly-CSharp.csproj", "{D6A67AB0-E286-B664-ED16-442BE12CBB1B}"
EndProject
Project("{FAE04EC0-301F-11D3-BF4B-00C04F79EFBC}") = "Assembly-CSharp", "Assembly-CSharp.Player.csproj", "{8A55BB54-5EBC-DA3F-099A-2B046A5FE807}"
EndProject
Global
	GlobalSection(SolutionConfigurationPlatforms) = preSolution
		Debug|Any CPU = Debug|Any CPU
		Release|Any CPU = Release|Any CPU
	EndGlobalSection
	GlobalSection(ProjectConfigurationPlatforms) = postSolution
		{D6A67AB0-E286-B664-ED16-442BE12CBB1B}.Debug|Any CPU.ActiveCfg = Debug|Any CPU
		{D6A67AB0-E286-B664-ED16-442BE12CBB1B}.Debug|Any CPU.Build.0 = Debug|Any CPU
		{D6A67AB0-E286-B664-ED16-442BE12CBB1B}.Release|Any CPU.ActiveCfg = Release|Any CPU
		{D6A67AB0-E286-B664-ED16-442BE12CBB1B}.Release|Any CPU.Build.0 = Release|Any CPU
		{8A55BB54-5EBC-DA3F-099A-2B046A5FE807}.Debug|Any CPU.ActiveCfg = Debug|Any CPU
		{8A55BB54-5EBC-DA3F-099A-2B046A5FE807}.Debug|Any CPU.Build.0 = Debug|Any CPU
		{8A55BB54-5EBC-DA3F-099A-2B046A5FE807}.Release|Any CPU.ActiveCfg = Release|Any CPU
		{8A55BB54-5EBC-DA3F-099A-2B046A5FE807}.Release|Any CPU.Build.0 = Release|Any CPU
	EndGlobalSection
	GlobalSection(SolutionProperties) = preSolution
		HideSolutionNode = FALSE
	EndGlobalSection
EndGlobal
